
Microsoft Visual Studio Solution File, Format Version 12.00
# Visual Studio Version 17
VisualStudioVersion = 17.14.36301.6 d17.14
MinimumVisualStudioVersion = 10.0.40219.1
Project("{FAE04EC0-301F-11D3-BF4B-00C04F79EFBC}") = "24DH112473_MyStore", "24DH112473_MyStore\24DH112473_MyStore.csproj", "{9CA5FDDA-9D80-4E90-9051-EA42E033DE32}"
EndProject
Global
	GlobalSection(SolutionConfigurationPlatforms) = preSolution
		Debug|Any CPU = Debug|Any CPU
		Release|Any CPU = Release|Any CPU
	EndGlobalSection
	GlobalSection(ProjectConfigurationPlatforms) = postSolution
		{9CA5FDDA-9D80-4E90-9051-EA42E033DE32}.Debug|Any CPU.ActiveCfg = Debug|Any CPU
		{9CA5FDDA-9D80-4E90-9051-EA42E033DE32}.Debug|Any CPU.Build.0 = Debug|Any CPU
		{9CA5FDDA-9D80-4E90-9051-EA42E033DE32}.Release|Any CPU.ActiveCfg = Release|Any CPU
		{9CA5FDDA-9D80-4E90-9051-EA42E033DE32}.Release|Any CPU.Build.0 = Release|Any CPU
	EndGlobalSection
	GlobalSection(SolutionProperties) = preSolution
		HideSolutionNode = FALSE
	EndGlobalSection
	GlobalSection(ExtensibilityGlobals) = postSolution
		SolutionGuid = {40AAA842-F748-44D8-A89E-7556F6B72F18}
	EndGlobalSection
EndGlobal
